// !$*UTF8*$!
{
	archiveVersion = 1;
	classes = {
	};
	objectVersion = 77;
	objects = {

/* Begin PBXContainerItemProxy section */
		A322CE702E671DA500811022 /* PBXContainerItemProxy */ = {
			isa = PBXContainerItemProxy;
			containerPortal = A322CE542E671DA300811022 /* Project object */;
			proxyType = 1;
			remoteGlobalIDString = A322CE5B2E671DA300811022;
			remoteInfo = callai;
		};
		A322CE7A2E671DA500811022 /* PBXContainerItemProxy */ = {
			isa = PBXContainerItemProxy;
			containerPortal = A322CE542E671DA300811022 /* Project object */;
			proxyType = 1;
			remoteGlobalIDString = A322CE5B2E671DA300811022;
			remoteInfo = callai;
		};
/* End PBXContainerItemProxy section */

/* Begin PBXFileReference section */
		A322CE5C2E671DA300811022 /* callai.app */ = {isa = PBXFileReference; explicitFileType = wrapper.application; includeInIndex = 0; path = callai.app; sourceTree = BUILT_PRODUCTS_DIR; };
		A322CE6F2E671DA500811022 /* callaiTests.xctest */ = {isa = PBXFileReference; explicitFileType = wrapper.cfbundle; includeInIndex = 0; path = callaiTests.xctest; sourceTree = BUILT_PRODUCTS_DIR; };
		A322CE792E671DA500811022 /* callaiUITests.xctest */ = {isa = PBXFileReference; explicitFileType = wrapper.cfbundle; includeInIndex = 0; path = callaiUITests.xctest; sourceTree = BUILT_PRODUCTS_DIR; };
/* End PBXFileReference section */

/* Begin PBXFileSystemSynchronizedRootGroup section */
		A322CE5E2E671DA300811022 /* callai */ = {
			isa = PBXFileSystemSynchronizedRootGroup;
			path = callai;
			sourceTree = "<group>";
		};
		A322CE722E671DA500811022 /* callaiTests */ = {
			isa = PBXFileSystemSynchronizedRootGroup;
			path = callaiTests;
			sourceTree = "<group>";
		};
		A322CE7C2E671DA500811022 /* callaiUITests */ = {
			isa = PBXFileSystemSynchronizedRootGroup;
			path = callaiUITests;
			sourceTree = "<group>";
		};
/* End PBXFileSystemSynchronizedRootGroup section */

/* Begin PBXFrameworksBuildPhase section */
		A322CE592E671DA300811022 /* Frameworks */ = {
			isa = PBXFrameworksBuildPhase;
			buildActionMask = 2147483647;
			files = (
			);
			runOnlyForDeploymentPostprocessing = 0;
		};
		A322CE6C2E671DA500811022 /* Frameworks */ = {
			isa = PBXFrameworksBuildPhase;
			buildActionMask = 2147483647;
			files = (
			);
			runOnlyForDeploymentPostprocessing = 0;
		};
		A322CE762E671DA500811022 /* Frameworks */ = {
			isa = PBXFrameworksBuildPhase;
			buildActionMask = 2147483647;
			files = (
			);
			runOnlyForDeploymentPostprocessing = 0;
		};
/* End PBXFrameworksBuildPhase section */

/* Begin PBXGroup section */
		A322CE532E671DA300811022 = {
			isa = PBXGroup;
			children = (
				A322CE5E2E671DA300811022 /* callai */,
				A322CE722E671DA500811022 /* callaiTests */,
				A322CE7C2E671DA500811022 /* callaiUITests */,
				A322CE5D2E671DA300811022 /* Products */,
			);
			sourceTree = "<group>";
		};
		A322CE5D2E671DA300811022 /* Products */ = {
			isa = PBXGroup;
			children = (
				A322CE5C2E671DA300811022 /* callai.app */,
				A322CE6F2E671DA500811022 /* callaiTests.xctest */,
				A322CE792E671DA500811022 /* callaiUITests.xctest */,
			);
			name = Products;
			sourceTree = "<group>";
		};
/* End PBXGroup section */

/* Begin PBXNativeTarget section */
		A322CE5B2E671DA300811022 /* callai */ = {
			isa = PBXNativeTarget;
			buildConfigurationList = A322CE832E671DA500811022 /* Build configuration list for PBXNativeTarget "callai" */;
			buildPhases = (
				A322CE582E671DA300811022 /* Sources */,
				A322CE592E671DA300811022 /* Frameworks */,
				A322CE5A2E671DA300811022 /* Resources */,
			);
			buildRules = (
			);
			dependencies = (
			);
			fileSystemSynchronizedGroups = (
				A322CE5E2E671DA300811022 /* callai */,
			);
			name = callai;
			packageProductDependencies = (
			);
			productName = callai;
			productReference = A322CE5C2E671DA300811022 /* callai.app */;
			productType = "com.apple.product-type.application";
		};
		A322CE6E2E671DA500811022 /* callaiTests */ = {
			isa = PBXNativeTarget;
			buildConfigurationList = A322CE862E671DA500811022 /* Build configuration list for PBXNativeTarget "callaiTests" */;
			buildPhases = (
				A322CE6B2E671DA500811022 /* Sources */,
				A322CE6C2E671DA500811022 /* Frameworks */,
				A322CE6D2E671DA500811022 /* Resources */,
			);
			buildRules = (
			);
			dependencies = (
				A322CE712E671DA500811022 /* PBXTargetDependency */,
			);
			fileSystemSynchronizedGroups = (
				A322CE722E671DA500811022 /* callaiTests */,
			);
			name = callaiTests;
			packageProductDependencies = (
			);
			productName = callaiTests;
			productReference = A322CE6F2E671DA500811022 /* callaiTests.xctest */;
			productType = "com.apple.product-type.bundle.unit-test";
		};
		A322CE782E671DA500811022 /* callaiUITests */ = {
			isa = PBXNativeTarget;
			buildConfigurationList = A322CE892E671DA500811022 /* Build configuration list for PBXNativeTarget "callaiUITests" */;
			buildPhases = (
				A322CE752E671DA500811022 /* Sources */,
				A322CE762E671DA500811022 /* Frameworks */,
				A322CE772E671DA500811022 /* Resources */,
			);
			buildRules = (
			);
			dependencies = (
				A322CE7B2E671DA500811022 /* PBXTargetDependency */,
			);
			fileSystemSynchronizedGroups = (
				A322CE7C2E671DA500811022 /* callaiUITests */,
			);
			name = callaiUITests;
			packageProductDependencies = (
			);
			productName = callaiUITests;
			productReference = A322CE792E671DA500811022 /* callaiUITests.xctest */;
			productType = "com.apple.product-type.bundle.ui-testing";
		};
/* End PBXNativeTarget section */

/* Begin PBXProject section */
		A322CE542E671DA300811022 /* Project object */ = {
			isa = PBXProject;
			attributes = {
				BuildIndependentTargetsInParallel = 1;
				LastSwiftUpdateCheck = 1640;
				LastUpgradeCheck = 1640;
				TargetAttributes = {
					A322CE5B2E671DA300811022 = {
						CreatedOnToolsVersion = 16.4;
					};
					A322CE6E2E671DA500811022 = {
						CreatedOnToolsVersion = 16.4;
						TestTargetID = A322CE5B2E671DA300811022;
					};
					A322CE782E671DA500811022 = {
						CreatedOnToolsVersion = 16.4;
						TestTargetID = A322CE5B2E671DA300811022;
					};
				};
			};
			buildConfigurationList = A322CE572E671DA300811022 /* Build configuration list for PBXProject "callai" */;
			developmentRegion = en;
			hasScannedForEncodings = 0;
			knownRegions = (
				en,
				Base,
			);
			mainGroup = A322CE532E671DA300811022;
			minimizedProjectReferenceProxies = 1;
			preferredProjectObjectVersion = 77;
			productRefGroup = A322CE5D2E671DA300811022 /* Products */;
			projectDirPath = "";
			projectRoot = "";
			targets = (
				A322CE5B2E671DA300811022 /* callai */,
				A322CE6E2E671DA500811022 /* callaiTests */,
				A322CE782E671DA500811022 /* callaiUITests */,
			);
		};
/* End PBXProject section */

/* Begin PBXResourcesBuildPhase section */
		A322CE5A2E671DA300811022 /* Resources */ = {
			isa = PBXResourcesBuildPhase;
			buildActionMask = 2147483647;
			files = (
			);
			runOnlyForDeploymentPostprocessing = 0;
		};
		A322CE6D2E671DA500811022 /* Resources */ = {
			isa = PBXResourcesBuildPhase;
			buildActionMask = 2147483647;
			files = (
			);
			runOnlyForDeploymentPostprocessing = 0;
		};
		A322CE772E671DA500811022 /* Resources */ = {
			isa = PBXResourcesBuildPhase;
			buildActionMask = 2147483647;
			files = (
			);
			runOnlyForDeploymentPostprocessing = 0;
		};
/* End PBXResourcesBuildPhase section */

/* Begin PBXSourcesBuildPhase section */
		A322CE582E671DA300811022 /* Sources */ = {
			isa = PBXSourcesBuildPhase;
			buildActionMask = 2147483647;
			files = (
			);
			runOnlyForDeploymentPostprocessing = 0;
		};
		A322CE6B2E671DA500811022 /* Sources */ = {
			isa = PBXSourcesBuildPhase;
			buildActionMask = 2147483647;
			files = (
			);
			runOnlyForDeploymentPostprocessing = 0;
		};
		A322CE752E671DA500811022 /* Sources */ = {
			isa = PBXSourcesBuildPhase;
			buildActionMask = 2147483647;
			files = (
			);
			runOnlyForDeploymentPostprocessing = 0;
		};
/* End PBXSourcesBuildPhase section */

/* Begin PBXTargetDependency section */
		A322CE712E671DA500811022 /* PBXTargetDependency */ = {
			isa = PBXTargetDependency;
			target = A322CE5B2E671DA300811022 /* callai */;
			targetProxy = A322CE702E671DA500811022 /* PBXContainerItemProxy */;
		};
		A322CE7B2E671DA500811022 /* PBXTargetDependency */ = {
			isa = PBXTargetDependency;
			target = A322CE5B2E671DA300811022 /* callai */;
			targetProxy = A322CE7A2E671DA500811022 /* PBXContainerItemProxy */;
		};
/* End PBXTargetDependency section */

/* Begin XCBuildConfiguration section */
		A322CE812E671DA500811022 /* Debug */ = {
			isa = XCBuildConfiguration;
			buildSettings = {
				ALWAYS_SEARCH_USER_PATHS = NO;
				ASSETCATALOG_COMPILER_GENERATE_SWIFT_ASSET_SYMBOL_EXTENSIONS = YES;
				CLANG_ANALYZER_NONNULL = YES;
				CLANG_ANALYZER_NUMBER_OBJECT_CONVERSION = YES_AGGRESSIVE;
				CLANG_CXX_LANGUAGE_STANDARD = "gnu++20";
				CLANG_ENABLE_MODULES = YES;
				CLANG_ENABLE_OBJC_ARC = YES;
				CLANG_ENABLE_OBJC_WEAK = YES;
				CLANG_WARN_BLOCK_CAPTURE_AUTORELEASING = YES;
				CLANG_WARN_BOOL_CONVERSION = YES;
				CLANG_WARN_COMMA = YES;
				CLANG_WARN_CONSTANT_CONVERSION = YES;
				CLANG_WARN_DEPRECATED_OBJC_IMPLEMENTATIONS = YES;
				CLANG_WARN_DIRECT_OBJC_ISA_USAGE = YES_ERROR;
				CLANG_WARN_DOCUMENTATION_COMMENTS = YES;
				CLANG_WARN_EMPTY_BODY = YES;
				CLANG_WARN_ENUM_CONVERSION = YES;
				CLANG_WARN_INFINITE_RECURSION = YES;
				CLANG_WARN_INT_CONVERSION = YES;
				CLANG_WARN_NON_LITERAL_NULL_CONVERSION = YES;
				CLANG_WARN_OBJC_IMPLICIT_RETAIN_SELF = YES;
				CLANG_WARN_OBJC_LITERAL_CONVERSION = YES;
				CLANG_WARN_OBJC_ROOT_CLASS = YES_ERROR;
				CLANG_WARN_QUOTED_INCLUDE_IN_FRAMEWORK_HEADER = YES;
				CLANG_WARN_RANGE_LOOP_ANALYSIS = YES;
				CLANG_WARN_STRICT_PROTOTYPES = YES;
				CLANG_WARN_SUSPICIOUS_MOVE = YES;
				CLANG_WARN_UNGUARDED_AVAILABILITY = YES_AGGRESSIVE;
				CLANG_WARN_UNREACHABLE_CODE = YES;
				CLANG_WARN__DUPLICATE_METHOD_MATCH = YES;
				COPY_PHASE_STRIP = NO;
				DEBUG_INFORMATION_FORMAT = dwarf;
				DEVELOPMENT_TEAM = X7BUD5GD8P;
				ENABLE_STRICT_OBJC_MSGSEND = YES;
				ENABLE_TESTABILITY = YES;
				ENABLE_USER_SCRIPT_SANDBOXING = YES;
				GCC_C_LANGUAGE_STANDARD = gnu17;
				GCC_DYNAMIC_NO_PIC = NO;
				GCC_NO_COMMON_BLOCKS = YES;
				GCC_OPTIMIZATION_LEVEL = 0;
				GCC_PREPROCESSOR_DEFINITIONS = (
					"DEBUG=1",
					"$(inherited)",
				);
				GCC_WARN_64_TO_32_BIT_CONVERSION = YES;
				GCC_WARN_ABOUT_RETURN_TYPE = YES_ERROR;
				GCC_WARN_UNDECLARED_SELECTOR = YES;
				GCC_WARN_UNINITIALIZED_AUTOS = YES_AGGRESSIVE;
				GCC_WARN_UNUSED_FUNCTION = YES;
				GCC_WARN_UNUSED_VARIABLE = YES;
				LOCALIZATION_PREFERS_STRING_CATALOGS = YES;
				MTL_ENABLE_DEBUG_INFO = INCLUDE_SOURCE;
				MTL_FAST_MATH = YES;
				ONLY_ACTIVE_ARCH = YES;
				SWIFT_ACTIVE_COMPILATION_CONDITIONS = "DEBUG $(inherited)";
				SWIFT_OPTIMIZATION_LEVEL = "-Onone";
				SWIFT_STRICT_CONCURRENCY = complete;
				SWIFT_WARN_IMPLICIT_DYNAMIC_CAST = YES;
				SWIFT_WARN_IMPLICIT_OPTIONAL_UNWRAPPING = YES;
			};
			name = Debug;
		};
		A322CE822E671DA500811022 /* Release */ = {
			isa = XCBuildConfiguration;
			buildSettings = {
				ALWAYS_SEARCH_USER_PATHS = NO;
				ASSETCATALOG_COMPILER_GENERATE_SWIFT_ASSET_SYMBOL_EXTENSIONS = YES;
				CLANG_ANALYZER_NONNULL = YES;
				CLANG_ANALYZER_NUMBER_OBJECT_CONVERSION = YES_AGGRESSIVE;
				CLANG_CXX_LANGUAGE_STANDARD = "gnu++20";
				CLANG_ENABLE_MODULES = YES;
				CLANG_ENABLE_OBJC_ARC = YES;
				CLANG_ENABLE_OBJC_WEAK = YES;
				CLANG_WARN_BLOCK_CAPTURE_AUTORELEASING = YES;
				CLANG_WARN_BOOL_CONVERSION = YES;
				CLANG_WARN_COMMA = YES;
				CLANG_WARN_CONSTANT_CONVERSION = YES;
				CLANG_WARN_DEPRECATED_OBJC_IMPLEMENTATIONS = YES;
				CLANG_WARN_DIRECT_OBJC_ISA_USAGE = YES_ERROR;
				CLANG_WARN_DOCUMENTATION_COMMENTS = YES;
				CLANG_WARN_EMPTY_BODY = YES;
				CLANG_WARN_ENUM_CONVERSION = YES;
				CLANG_WARN_INFINITE_RECURSION = YES;
				CLANG_WARN_INT_CONVERSION = YES;
				CLANG_WARN_NON_LITERAL_NULL_CONVERSION = YES;
				CLANG_WARN_OBJC_IMPLICIT_RETAIN_SELF = YES;
				CLANG_WARN_OBJC_LITERAL_CONVERSION = YES;
				CLANG_WARN_OBJC_ROOT_CLASS = YES_ERROR;
				CLANG_WARN_QUOTED_INCLUDE_IN_FRAMEWORK_HEADER = YES;
				CLANG_WARN_RANGE_LOOP_ANALYSIS = YES;
				CLANG_WARN_STRICT_PROTOTYPES = YES;
				CLANG_WARN_SUSPICIOUS_MOVE = YES;
				CLANG_WARN_UNGUARDED_AVAILABILITY = YES_AGGRESSIVE;
				CLANG_WARN_UNREACHABLE_CODE = YES;
				CLANG_WARN__DUPLICATE_METHOD_MATCH = YES;
				COPY_PHASE_STRIP = NO;
				DEBUG_INFORMATION_FORMAT = "dwarf-with-dsym";
				DEVELOPMENT_TEAM = X7BUD5GD8P;
				ENABLE_NS_ASSERTIONS = NO;
				ENABLE_STRICT_OBJC_MSGSEND = YES;
				ENABLE_USER_SCRIPT_SANDBOXING = YES;
				GCC_C_LANGUAGE_STANDARD = gnu17;
				GCC_NO_COMMON_BLOCKS = YES;
				GCC_WARN_64_TO_32_BIT_CONVERSION = YES;
				GCC_WARN_ABOUT_RETURN_TYPE = YES_ERROR;
				GCC_WARN_UNDECLARED_SELECTOR = YES;
				GCC_WARN_UNINITIALIZED_AUTOS = YES_AGGRESSIVE;
				GCC_WARN_UNUSED_FUNCTION = YES;
				GCC_WARN_UNUSED_VARIABLE = YES;
				LOCALIZATION_PREFERS_STRING_CATALOGS = YES;
				MTL_ENABLE_DEBUG_INFO = NO;
				MTL_FAST_MATH = YES;
				SWIFT_COMPILATION_MODE = wholemodule;
				SWIFT_STRICT_CONCURRENCY = complete;
				SWIFT_WARN_IMPLICIT_DYNAMIC_CAST = YES;
				SWIFT_WARN_IMPLICIT_OPTIONAL_UNWRAPPING = YES;
			};
			name = Release;
		};
		A322CE842E671DA500811022 /* Debug */ = {
			isa = XCBuildConfiguration;
			buildSettings = {
				ASSETCATALOG_COMPILER_APPICON_NAME = AppIcon;
				ASSETCATALOG_COMPILER_GLOBAL_ACCENT_COLOR_NAME = AccentColor;
				CODE_SIGN_ENTITLEMENTS = callai/callai.entitlements;
				CODE_SIGN_STYLE = Automatic;
				CURRENT_PROJECT_VERSION = 1;
				DEVELOPMENT_TEAM = X7BUD5GD8P;
				ENABLE_HARDENED_RUNTIME = YES;
				ENABLE_PREVIEWS = YES;
				GENERATE_INFOPLIST_FILE = YES;
				INFOPLIST_KEY_NSCalendarsFullAccessUsageDescription = "CallAI needs full access to your calendar to view and manage your meetings for recording.";
				INFOPLIST_KEY_NSCalendarsUsageDescription = "CallAI needs access to your calendar to automatically detect and record your meetings.";
				INFOPLIST_KEY_NSMicrophoneUsageDescription = "CallAI needs access to your microphone to record high-quality meeting audio.";
				INFOPLIST_KEY_NSSpeechRecognitionUsageDescription = "CallAI uses speech recognition to provide accurate meeting transcriptions.";
				"INFOPLIST_KEY_UIApplicationSceneManifest_Generation[sdk=iphoneos*]" = YES;
				"INFOPLIST_KEY_UIApplicationSceneManifest_Generation[sdk=iphonesimulator*]" = YES;
				"INFOPLIST_KEY_UIApplicationSupportsIndirectInputEvents[sdk=iphoneos*]" = YES;
				"INFOPLIST_KEY_UIApplicationSupportsIndirectInputEvents[sdk=iphonesimulator*]" = YES;
				"INFOPLIST_KEY_UILaunchScreen_Generation[sdk=iphoneos*]" = YES;
				"INFOPLIST_KEY_UILaunchScreen_Generation[sdk=iphonesimulator*]" = YES;
				"INFOPLIST_KEY_UIStatusBarStyle[sdk=iphoneos*]" = UIStatusBarStyleDefault;
				"INFOPLIST_KEY_UIStatusBarStyle[sdk=iphonesimulator*]" = UIStatusBarStyleDefault;
				INFOPLIST_KEY_UISupportedInterfaceOrientations = UIInterfaceOrientationPortrait;
				IPHONEOS_DEPLOYMENT_TARGET = 18.5;
				LD_RUNPATH_SEARCH_PATHS = "@executable_path/Frameworks";
				"LD_RUNPATH_SEARCH_PATHS[sdk=macosx*]" = "@executable_path/../Frameworks";
				MARKETING_VERSION = 1.0;
				PRODUCT_BUNDLE_IDENTIFIER = ekodev.callai;
				PRODUCT_NAME = "$(TARGET_NAME)";
				REGISTER_APP_GROUPS = YES;
				SDKROOT = auto;
				SUPPORTED_PLATFORMS = "iphoneos iphonesimulator xros xrsimulator";
				SWIFT_EMIT_LOC_STRINGS = YES;
				SWIFT_STRICT_CONCURRENCY = complete;
				SWIFT_VERSION = 5.0;
				SWIFT_WARN_IMPLICIT_DYNAMIC_CAST = YES;
				SWIFT_WARN_IMPLICIT_OPTIONAL_UNWRAPPING = YES;
				TARGETED_DEVICE_FAMILY = "1,2,7";
				XROS_DEPLOYMENT_TARGET = 2.5;
			};
			name = Debug;
		};
		A322CE852E671DA500811022 /* Release */ = {
			isa = XCBuildConfiguration;
			buildSettings = {
				ASSETCATALOG_COMPILER_APPICON_NAME = AppIcon;
				ASSETCATALOG_COMPILER_GLOBAL_ACCENT_COLOR_NAME = AccentColor;
				CODE_SIGN_ENTITLEMENTS = callai/callai.entitlements;
				CODE_SIGN_STYLE = Automatic;
				CURRENT_PROJECT_VERSION = 1;
				DEVELOPMENT_TEAM = X7BUD5GD8P;
				ENABLE_HARDENED_RUNTIME = YES;
				ENABLE_PREVIEWS = YES;
				GENERATE_INFOPLIST_FILE = YES;
				INFOPLIST_KEY_NSCalendarsFullAccessUsageDescription = "CallAI needs full access to your calendar to view and manage your meetings for recording.";
				INFOPLIST_KEY_NSCalendarsUsageDescription = "CallAI needs access to your calendar to automatically detect and record your meetings.";
				INFOPLIST_KEY_NSMicrophoneUsageDescription = "CallAI needs access to your microphone to record high-quality meeting audio.";
				INFOPLIST_KEY_NSSpeechRecognitionUsageDescription = "CallAI uses speech recognition to provide accurate meeting transcriptions.";
				"INFOPLIST_KEY_UIApplicationSceneManifest_Generation[sdk=iphoneos*]" = YES;
				"INFOPLIST_KEY_UIApplicationSceneManifest_Generation[sdk=iphonesimulator*]" = YES;
				"INFOPLIST_KEY_UIApplicationSupportsIndirectInputEvents[sdk=iphoneos*]" = YES;
				"INFOPLIST_KEY_UIApplicationSupportsIndirectInputEvents[sdk=iphonesimulator*]" = YES;
				"INFOPLIST_KEY_UILaunchScreen_Generation[sdk=iphoneos*]" = YES;
				"INFOPLIST_KEY_UILaunchScreen_Generation[sdk=iphonesimulator*]" = YES;
				"INFOPLIST_KEY_UIStatusBarStyle[sdk=iphoneos*]" = UIStatusBarStyleDefault;
				"INFOPLIST_KEY_UIStatusBarStyle[sdk=iphonesimulator*]" = UIStatusBarStyleDefault;
				INFOPLIST_KEY_UISupportedInterfaceOrientations = UIInterfaceOrientationPortrait;
				IPHONEOS_DEPLOYMENT_TARGET = 18.5;
				LD_RUNPATH_SEARCH_PATHS = "@executable_path/Frameworks";
				"LD_RUNPATH_SEARCH_PATHS[sdk=macosx*]" = "@executable_path/../Frameworks";
				MARKETING_VERSION = 1.0;
				PRODUCT_BUNDLE_IDENTIFIER = ekodev.callai;
				PRODUCT_NAME = "$(TARGET_NAME)";
				REGISTER_APP_GROUPS = YES;
				SDKROOT = auto;
				SUPPORTED_PLATFORMS = "iphoneos iphonesimulator xros xrsimulator";
				SWIFT_EMIT_LOC_STRINGS = YES;
				SWIFT_STRICT_CONCURRENCY = complete;
				SWIFT_VERSION = 5.0;
				SWIFT_WARN_IMPLICIT_DYNAMIC_CAST = YES;
				SWIFT_WARN_IMPLICIT_OPTIONAL_UNWRAPPING = YES;
				TARGETED_DEVICE_FAMILY = "1,2,7";
				XROS_DEPLOYMENT_TARGET = 2.5;
			};
			name = Release;
		};
		A322CE872E671DA500811022 /* Debug */ = {
			isa = XCBuildConfiguration;
			buildSettings = {
				BUNDLE_LOADER = "$(TEST_HOST)";
				CODE_SIGN_STYLE = Automatic;
				CURRENT_PROJECT_VERSION = 1;
				DEVELOPMENT_TEAM = X7BUD5GD8P;
				GENERATE_INFOPLIST_FILE = YES;
				IPHONEOS_DEPLOYMENT_TARGET = 18.5;
				MARKETING_VERSION = 1.0;
				PRODUCT_BUNDLE_IDENTIFIER = ekodev.callaiTests;
				PRODUCT_NAME = "$(TARGET_NAME)";
				SDKROOT = auto;
				SUPPORTED_PLATFORMS = "iphoneos iphonesimulator xros xrsimulator";
				SWIFT_EMIT_LOC_STRINGS = NO;
				SWIFT_STRICT_CONCURRENCY = complete;
				SWIFT_VERSION = 5.0;
				SWIFT_WARN_IMPLICIT_DYNAMIC_CAST = YES;
				SWIFT_WARN_IMPLICIT_OPTIONAL_UNWRAPPING = YES;
				TARGETED_DEVICE_FAMILY = "1,2,7";
				TEST_HOST = "$(BUILT_PRODUCTS_DIR)/callai.app/$(BUNDLE_EXECUTABLE_FOLDER_PATH)/callai";
				XROS_DEPLOYMENT_TARGET = 2.5;
			};
			name = Debug;
		};
		A322CE882E671DA500811022 /* Release */ = {
			isa = XCBuildConfiguration;
			buildSettings = {
				BUNDLE_LOADER = "$(TEST_HOST)";
				CODE_SIGN_STYLE = Automatic;
				CURRENT_PROJECT_VERSION = 1;
				DEVELOPMENT_TEAM = X7BUD5GD8P;
				GENERATE_INFOPLIST_FILE = YES;
				IPHONEOS_DEPLOYMENT_TARGET = 18.5;
				MARKETING_VERSION = 1.0;
				PRODUCT_BUNDLE_IDENTIFIER = ekodev.callaiTests;
				PRODUCT_NAME = "$(TARGET_NAME)";
				SDKROOT = auto;
				SUPPORTED_PLATFORMS = "iphoneos iphonesimulator xros xrsimulator";
				SWIFT_EMIT_LOC_STRINGS = NO;
				SWIFT_STRICT_CONCURRENCY = complete;
				SWIFT_VERSION = 5.0;
				SWIFT_WARN_IMPLICIT_DYNAMIC_CAST = YES;
				SWIFT_WARN_IMPLICIT_OPTIONAL_UNWRAPPING = YES;
				TARGETED_DEVICE_FAMILY = "1,2,7";
				TEST_HOST = "$(BUILT_PRODUCTS_DIR)/callai.app/$(BUNDLE_EXECUTABLE_FOLDER_PATH)/callai";
				XROS_DEPLOYMENT_TARGET = 2.5;
			};
			name = Release;
		};
		A322CE8A2E671DA500811022 /* Debug */ = {
			isa = XCBuildConfiguration;
			buildSettings = {
				CODE_SIGN_STYLE = Automatic;
				CURRENT_PROJECT_VERSION = 1;
				DEVELOPMENT_TEAM = X7BUD5GD8P;
				GENERATE_INFOPLIST_FILE = YES;
				IPHONEOS_DEPLOYMENT_TARGET = 18.5;
				MARKETING_VERSION = 1.0;
				PRODUCT_BUNDLE_IDENTIFIER = ekodev.callaiUITests;
				PRODUCT_NAME = "$(TARGET_NAME)";
				SDKROOT = auto;
				SUPPORTED_PLATFORMS = "iphoneos iphonesimulator xros xrsimulator";
				SWIFT_EMIT_LOC_STRINGS = NO;
				SWIFT_STRICT_CONCURRENCY = complete;
				SWIFT_VERSION = 5.0;
				SWIFT_WARN_IMPLICIT_DYNAMIC_CAST = YES;
				SWIFT_WARN_IMPLICIT_OPTIONAL_UNWRAPPING = YES;
				TARGETED_DEVICE_FAMILY = "1,2,7";
				TEST_TARGET_NAME = callai;
				XROS_DEPLOYMENT_TARGET = 2.5;
			};
			name = Debug;
		};
		A322CE8B2E671DA500811022 /* Release */ = {
			isa = XCBuildConfiguration;
			buildSettings = {
				CODE_SIGN_STYLE = Automatic;
				CURRENT_PROJECT_VERSION = 1;
				DEVELOPMENT_TEAM = X7BUD5GD8P;
				GENERATE_INFOPLIST_FILE = YES;
				IPHONEOS_DEPLOYMENT_TARGET = 18.5;
				MARKETING_VERSION = 1.0;
				PRODUCT_BUNDLE_IDENTIFIER = ekodev.callaiUITests;
				PRODUCT_NAME = "$(TARGET_NAME)";
				SDKROOT = auto;
				SUPPORTED_PLATFORMS = "iphoneos iphonesimulator xros xrsimulator";
				SWIFT_EMIT_LOC_STRINGS = NO;
				SWIFT_STRICT_CONCURRENCY = complete;
				SWIFT_VERSION = 5.0;
				SWIFT_WARN_IMPLICIT_DYNAMIC_CAST = YES;
				SWIFT_WARN_IMPLICIT_OPTIONAL_UNWRAPPING = YES;
				TARGETED_DEVICE_FAMILY = "1,2,7";
				TEST_TARGET_NAME = callai;
				XROS_DEPLOYMENT_TARGET = 2.5;
			};
			name = Release;
		};
/* End XCBuildConfiguration section */

/* Begin XCConfigurationList section */
		A322CE572E671DA300811022 /* Build configuration list for PBXProject "callai" */ = {
			isa = XCConfigurationList;
			buildConfigurations = (
				A322CE812E671DA500811022 /* Debug */,
				A322CE822E671DA500811022 /* Release */,
			);
			defaultConfigurationIsVisible = 0;
			defaultConfigurationName = Release;
		};
		A322CE832E671DA500811022 /* Build configuration list for PBXNativeTarget "callai" */ = {
			isa = XCConfigurationList;
			buildConfigurations = (
				A322CE842E671DA500811022 /* Debug */,
				A322CE852E671DA500811022 /* Release */,
			);
			defaultConfigurationIsVisible = 0;
			defaultConfigurationName = Release;
		};
		A322CE862E671DA500811022 /* Build configuration list for PBXNativeTarget "callaiTests" */ = {
			isa = XCConfigurationList;
			buildConfigurations = (
				A322CE872E671DA500811022 /* Debug */,
				A322CE882E671DA500811022 /* Release */,
			);
			defaultConfigurationIsVisible = 0;
			defaultConfigurationName = Release;
		};
		A322CE892E671DA500811022 /* Build configuration list for PBXNativeTarget "callaiUITests" */ = {
			isa = XCConfigurationList;
			buildConfigurations = (
				A322CE8A2E671DA500811022 /* Debug */,
				A322CE8B2E671DA500811022 /* Release */,
			);
			defaultConfigurationIsVisible = 0;
			defaultConfigurationName = Release;
		};
/* End XCConfigurationList section */
	};
	rootObject = A322CE542E671DA300811022 /* Project object */;
}
